
Microsoft Visual Studio Solution File, Format Version 12.00
# Visual Studio Version 17
VisualStudioVersion = 17.5.33530.505
MinimumVisualStudioVersion = 10.0.40219.1
Project("{FAE04EC0-301F-11D3-BF4B-00C04F79EFBC}") = "GrpcTeste", "GrpcTeste\GrpcTeste.csproj", "{A0F8242B-9BF8-4F11-9689-C48F503643E4}"
EndProject
Project("{FAE04EC0-301F-11D3-BF4B-00C04F79EFBC}") = "GrpcTesteClient", "GrpcTesteClient\GrpcTesteClient.csproj", "{9775BCDF-F7B7-4187-B528-04D665347A33}"
EndProject
Global
	GlobalSection(SolutionConfigurationPlatforms) = preSolution
		Debug|Any CPU = Debug|Any CPU
		Release|Any CPU = Release|Any CPU
	EndGlobalSection
	GlobalSection(ProjectConfigurationPlatforms) = postSolution
		{A0F8242B-9BF8-4F11-9689-C48F503643E4}.Debug|Any CPU.ActiveCfg = Debug|Any CPU
		{A0F8242B-9BF8-4F11-9689-C48F503643E4}.Debug|Any CPU.Build.0 = Debug|Any CPU
		{A0F8242B-9BF8-4F11-9689-C48F503643E4}.Release|Any CPU.ActiveCfg = Release|Any CPU
		{A0F8242B-9BF8-4F11-9689-C48F503643E4}.Release|Any CPU.Build.0 = Release|Any CPU
		{9775BCDF-F7B7-4187-B528-04D665347A33}.Debug|Any CPU.ActiveCfg = Debug|Any CPU
		{9775BCDF-F7B7-4187-B528-04D665347A33}.Debug|Any CPU.Build.0 = Debug|Any CPU
		{9775BCDF-F7B7-4187-B528-04D665347A33}.Release|Any CPU.ActiveCfg = Release|Any CPU
		{9775BCDF-F7B7-4187-B528-04D665347A33}.Release|Any CPU.Build.0 = Release|Any CPU
	EndGlobalSection
	GlobalSection(SolutionProperties) = preSolution
		HideSolutionNode = FALSE
	EndGlobalSection
	GlobalSection(ExtensibilityGlobals) = postSolution
		SolutionGuid = {F131F2AD-5EA6-4582-BB87-9BFE385CB3B8}
	EndGlobalSection
EndGlobal
